
Microsoft Visual Studio Solution File, Format Version 12.00
# Visual Studio 14
VisualStudioVersion = 14.0.22823.1
MinimumVisualStudioVersion = 10.0.40219.1
Project("{FAE04EC0-301F-11D3-BF4B-00C04F79EFBC}") = "pluginner", "fcmd\pluginner\pluginner.csproj", "{88785B26-D617-4BE9-B449-F7CE77444794}"
	ProjectSection(ProjectDependencies) = postProject
		{92494904-35FA-4DC9-BDE9-3A3E87AC49D3} = {92494904-35FA-4DC9-BDE9-3A3E87AC49D3}
	EndProjectSection
EndProject
Project("{2150E333-8FDC-42A3-9474-1A3956D46DE8}") = "xwt", "xwt", "{B830A447-2CD2-4244-9798-B7C680F01885}"
EndProject
Project("{FAE04EC0-301F-11D3-BF4B-00C04F79EFBC}") = "fcmd.ftps", "fcmd.ftps\fcmd.ftps.csproj", "{3AB3B3A1-55CB-41D2-B303-B38A64BFE122}"
EndProject
Project("{FAE04EC0-301F-11D3-BF4B-00C04F79EFBC}") = "fcmdp", "fcmd\fcmdp.csproj", "{40506FF6-CD02-40FF-BF9F-D9702BAEDE5B}"
EndProject
Project("{FAE04EC0-301F-11D3-BF4B-00C04F79EFBC}") = "Xwt3.Gtk3.Mac", "xwt\Xwt.Gtk.Mac\Xwt3.Gtk3.Mac.csproj", "{E95833C9-90AA-4366-9262-0A1BED148249}"
EndProject
Project("{FAE04EC0-301F-11D3-BF4B-00C04F79EFBC}") = "fcmd", "fcmd\fcmd.csproj", "{7D93F45C-E782-4E8B-ABFF-49C5E92B0E13}"
	ProjectSection(ProjectDependencies) = postProject
		{3AB3B3A1-55CB-41D2-B303-B38A64BFE122} = {3AB3B3A1-55CB-41D2-B303-B38A64BFE122}
	EndProjectSection
EndProject
Project("{FAE04EC0-301F-11D3-BF4B-00C04F79EFBC}") = "Xwt3.Gtk3", "xwt\Xwt.Gtk\Xwt3.Gtk3.csproj", "{3B25FD1F-CEBA-4450-8893-DC330FDB56A7}"
	ProjectSection(ProjectDependencies) = postProject
		{9E4B0803-5255-43AA-9C68-0CBDF76DB564} = {9E4B0803-5255-43AA-9C68-0CBDF76DB564}
		{92494904-35FA-4DC9-BDE9-3A3E87AC49D3} = {92494904-35FA-4DC9-BDE9-3A3E87AC49D3}
	EndProjectSection
EndProject
Project("{FAE04EC0-301F-11D3-BF4B-00C04F79EFBC}") = "CoreGtk3", "xwt\Xwt.CoreGtk3\CoreGtk3.csproj", "{9E4B0803-5255-43AA-9C68-0CBDF76DB564}"
EndProject
Project("{FAE04EC0-301F-11D3-BF4B-00C04F79EFBC}") = "Xwt3.WPF", "xwt\Xwt.WPF\Xwt3.WPF.csproj", "{C93D746E-1586-4D4F-B411-BF5A966E6A08}"
	ProjectSection(ProjectDependencies) = postProject
		{9E4B0803-5255-43AA-9C68-0CBDF76DB564} = {9E4B0803-5255-43AA-9C68-0CBDF76DB564}
	EndProjectSection
EndProject
Project("{FAE04EC0-301F-11D3-BF4B-00C04F79EFBC}") = "Xwt3", "xwt\Xwt\Xwt3.csproj", "{92494904-35FA-4DC9-BDE9-3A3E87AC49D3}"
	ProjectSection(ProjectDependencies) = postProject
		{9E4B0803-5255-43AA-9C68-0CBDF76DB564} = {9E4B0803-5255-43AA-9C68-0CBDF76DB564}
	EndProjectSection
EndProject
Project("{FAE04EC0-301F-11D3-BF4B-00C04F79EFBC}") = "SharpSSH", "SharpSSH\SharpSSH\SharpSSH.csproj", "{D27CF69D-4681-492A-BE4D-D3D209104423}"
EndProject
Global
	GlobalSection(SolutionConfigurationPlatforms) = preSolution
		Debug|Any CPU = Debug|Any CPU
		Debug|x86 = Debug|x86
		Release|Any CPU = Release|Any CPU
		Release|x86 = Release|x86
	EndGlobalSection
	GlobalSection(ProjectConfigurationPlatforms) = postSolution
		{88785B26-D617-4BE9-B449-F7CE77444794}.Debug|Any CPU.ActiveCfg = Debug|Any CPU
		{88785B26-D617-4BE9-B449-F7CE77444794}.Debug|Any CPU.Build.0 = Debug|Any CPU
		{88785B26-D617-4BE9-B449-F7CE77444794}.Debug|x86.ActiveCfg = Debug|Any CPU
		{88785B26-D617-4BE9-B449-F7CE77444794}.Debug|x86.Build.0 = Debug|Any CPU
		{88785B26-D617-4BE9-B449-F7CE77444794}.Release|Any CPU.ActiveCfg = Debug|Any CPU
		{88785B26-D617-4BE9-B449-F7CE77444794}.Release|Any CPU.Build.0 = Debug|Any CPU
		{88785B26-D617-4BE9-B449-F7CE77444794}.Release|x86.ActiveCfg = Debug|Any CPU
		{88785B26-D617-4BE9-B449-F7CE77444794}.Release|x86.Build.0 = Debug|Any CPU
		{3AB3B3A1-55CB-41D2-B303-B38A64BFE122}.Debug|Any CPU.ActiveCfg = Debug|Any CPU
		{3AB3B3A1-55CB-41D2-B303-B38A64BFE122}.Debug|Any CPU.Build.0 = Debug|Any CPU
		{3AB3B3A1-55CB-41D2-B303-B38A64BFE122}.Debug|x86.ActiveCfg = Debug|Any CPU
		{3AB3B3A1-55CB-41D2-B303-B38A64BFE122}.Debug|x86.Build.0 = Debug|Any CPU
		{3AB3B3A1-55CB-41D2-B303-B38A64BFE122}.Release|Any CPU.ActiveCfg = Debug|Any CPU
		{3AB3B3A1-55CB-41D2-B303-B38A64BFE122}.Release|Any CPU.Build.0 = Debug|Any CPU
		{3AB3B3A1-55CB-41D2-B303-B38A64BFE122}.Release|x86.ActiveCfg = Debug|Any CPU
		{3AB3B3A1-55CB-41D2-B303-B38A64BFE122}.Release|x86.Build.0 = Debug|Any CPU
		{40506FF6-CD02-40FF-BF9F-D9702BAEDE5B}.Debug|Any CPU.ActiveCfg = Debug|Any CPU
		{40506FF6-CD02-40FF-BF9F-D9702BAEDE5B}.Debug|Any CPU.Build.0 = Debug|Any CPU
		{40506FF6-CD02-40FF-BF9F-D9702BAEDE5B}.Debug|x86.ActiveCfg = Debug|Any CPU
		{40506FF6-CD02-40FF-BF9F-D9702BAEDE5B}.Debug|x86.Build.0 = Debug|Any CPU
		{40506FF6-CD02-40FF-BF9F-D9702BAEDE5B}.Release|Any CPU.ActiveCfg = Release|Any CPU
		{40506FF6-CD02-40FF-BF9F-D9702BAEDE5B}.Release|Any CPU.Build.0 = Release|Any CPU
		{40506FF6-CD02-40FF-BF9F-D9702BAEDE5B}.Release|x86.ActiveCfg = Release|Any CPU
		{40506FF6-CD02-40FF-BF9F-D9702BAEDE5B}.Release|x86.Build.0 = Release|Any CPU
		{E95833C9-90AA-4366-9262-0A1BED148249}.Debug|Any CPU.ActiveCfg = Debug|Any CPU
		{E95833C9-90AA-4366-9262-0A1BED148249}.Debug|Any CPU.Build.0 = Debug|Any CPU
		{E95833C9-90AA-4366-9262-0A1BED148249}.Debug|x86.ActiveCfg = Debug|Any CPU
		{E95833C9-90AA-4366-9262-0A1BED148249}.Debug|x86.Build.0 = Debug|Any CPU
		{E95833C9-90AA-4366-9262-0A1BED148249}.Release|Any CPU.ActiveCfg = Release|Any CPU
		{E95833C9-90AA-4366-9262-0A1BED148249}.Release|Any CPU.Build.0 = Release|Any CPU
		{E95833C9-90AA-4366-9262-0A1BED148249}.Release|x86.ActiveCfg = Release|Any CPU
		{E95833C9-90AA-4366-9262-0A1BED148249}.Release|x86.Build.0 = Release|Any CPU
		{7D93F45C-E782-4E8B-ABFF-49C5E92B0E13}.Debug|Any CPU.ActiveCfg = Debug|Any CPU
		{7D93F45C-E782-4E8B-ABFF-49C5E92B0E13}.Debug|Any CPU.Build.0 = Debug|Any CPU
		{7D93F45C-E782-4E8B-ABFF-49C5E92B0E13}.Debug|x86.ActiveCfg = Debug|x86
		{7D93F45C-E782-4E8B-ABFF-49C5E92B0E13}.Debug|x86.Build.0 = Debug|x86
		{7D93F45C-E782-4E8B-ABFF-49C5E92B0E13}.Release|Any CPU.ActiveCfg = Release|Any CPU
		{7D93F45C-E782-4E8B-ABFF-49C5E92B0E13}.Release|Any CPU.Build.0 = Release|Any CPU
		{7D93F45C-E782-4E8B-ABFF-49C5E92B0E13}.Release|x86.ActiveCfg = Release|x86
		{7D93F45C-E782-4E8B-ABFF-49C5E92B0E13}.Release|x86.Build.0 = Release|x86
		{3B25FD1F-CEBA-4450-8893-DC330FDB56A7}.Debug|Any CPU.ActiveCfg = Debug|Any CPU
		{3B25FD1F-CEBA-4450-8893-DC330FDB56A7}.Debug|Any CPU.Build.0 = Debug|Any CPU
		{3B25FD1F-CEBA-4450-8893-DC330FDB56A7}.Debug|x86.ActiveCfg = Debug|Any CPU
		{3B25FD1F-CEBA-4450-8893-DC330FDB56A7}.Debug|x86.Build.0 = Debug|Any CPU
		{3B25FD1F-CEBA-4450-8893-DC330FDB56A7}.Release|Any CPU.ActiveCfg = Debug|Any CPU
		{3B25FD1F-CEBA-4450-8893-DC330FDB56A7}.Release|Any CPU.Build.0 = Debug|Any CPU
		{3B25FD1F-CEBA-4450-8893-DC330FDB56A7}.Release|x86.ActiveCfg = Debug|Any CPU
		{3B25FD1F-CEBA-4450-8893-DC330FDB56A7}.Release|x86.Build.0 = Debug|Any CPU
		{9E4B0803-5255-43AA-9C68-0CBDF76DB564}.Debug|Any CPU.ActiveCfg = Debug|Any CPU
		{9E4B0803-5255-43AA-9C68-0CBDF76DB564}.Debug|Any CPU.Build.0 = Debug|Any CPU
		{9E4B0803-5255-43AA-9C68-0CBDF76DB564}.Debug|x86.ActiveCfg = Debug|Any CPU
		{9E4B0803-5255-43AA-9C68-0CBDF76DB564}.Debug|x86.Build.0 = Debug|Any CPU
		{9E4B0803-5255-43AA-9C68-0CBDF76DB564}.Release|Any CPU.ActiveCfg = Debug|Any CPU
		{9E4B0803-5255-43AA-9C68-0CBDF76DB564}.Release|Any CPU.Build.0 = Debug|Any CPU
		{9E4B0803-5255-43AA-9C68-0CBDF76DB564}.Release|x86.ActiveCfg = Debug|Any CPU
		{9E4B0803-5255-43AA-9C68-0CBDF76DB564}.Release|x86.Build.0 = Debug|Any CPU
		{C93D746E-1586-4D4F-B411-BF5A966E6A08}.Debug|Any CPU.ActiveCfg = Debug|Any CPU
		{C93D746E-1586-4D4F-B411-BF5A966E6A08}.Debug|Any CPU.Build.0 = Debug|Any CPU
		{C93D746E-1586-4D4F-B411-BF5A966E6A08}.Debug|x86.ActiveCfg = Debug|Any CPU
		{C93D746E-1586-4D4F-B411-BF5A966E6A08}.Debug|x86.Build.0 = Debug|Any CPU
		{C93D746E-1586-4D4F-B411-BF5A966E6A08}.Release|Any CPU.ActiveCfg = Release|Any CPU
		{C93D746E-1586-4D4F-B411-BF5A966E6A08}.Release|Any CPU.Build.0 = Release|Any CPU
		{C93D746E-1586-4D4F-B411-BF5A966E6A08}.Release|x86.ActiveCfg = Release|Any CPU
		{C93D746E-1586-4D4F-B411-BF5A966E6A08}.Release|x86.Build.0 = Release|Any CPU
		{92494904-35FA-4DC9-BDE9-3A3E87AC49D3}.Debug|Any CPU.ActiveCfg = Debug|Any CPU
		{92494904-35FA-4DC9-BDE9-3A3E87AC49D3}.Debug|Any CPU.Build.0 = Debug|Any CPU
		{92494904-35FA-4DC9-BDE9-3A3E87AC49D3}.Debug|x86.ActiveCfg = Debug|Any CPU
		{92494904-35FA-4DC9-BDE9-3A3E87AC49D3}.Debug|x86.Build.0 = Debug|Any CPU
		{92494904-35FA-4DC9-BDE9-3A3E87AC49D3}.Release|Any CPU.ActiveCfg = Debug|Any CPU
		{92494904-35FA-4DC9-BDE9-3A3E87AC49D3}.Release|Any CPU.Build.0 = Debug|Any CPU
		{92494904-35FA-4DC9-BDE9-3A3E87AC49D3}.Release|x86.ActiveCfg = Debug|Any CPU
		{92494904-35FA-4DC9-BDE9-3A3E87AC49D3}.Release|x86.Build.0 = Debug|Any CPU
		{D27CF69D-4681-492A-BE4D-D3D209104423}.Debug|Any CPU.ActiveCfg = Debug|Any CPU
		{D27CF69D-4681-492A-BE4D-D3D209104423}.Debug|Any CPU.Build.0 = Debug|Any CPU
		{D27CF69D-4681-492A-BE4D-D3D209104423}.Debug|x86.ActiveCfg = Debug|Any CPU
		{D27CF69D-4681-492A-BE4D-D3D209104423}.Debug|x86.Build.0 = Debug|Any CPU
		{D27CF69D-4681-492A-BE4D-D3D209104423}.Release|Any CPU.ActiveCfg = Debug|Any CPU
		{D27CF69D-4681-492A-BE4D-D3D209104423}.Release|Any CPU.Build.0 = Debug|Any CPU
		{D27CF69D-4681-492A-BE4D-D3D209104423}.Release|x86.ActiveCfg = Debug|Any CPU
		{D27CF69D-4681-492A-BE4D-D3D209104423}.Release|x86.Build.0 = Debug|Any CPU
	EndGlobalSection
	GlobalSection(SolutionProperties) = preSolution
		HideSolutionNode = FALSE
	EndGlobalSection
	GlobalSection(NestedProjects) = preSolution
		{E95833C9-90AA-4366-9262-0A1BED148249} = {B830A447-2CD2-4244-9798-B7C680F01885}
		{3B25FD1F-CEBA-4450-8893-DC330FDB56A7} = {B830A447-2CD2-4244-9798-B7C680F01885}
		{9E4B0803-5255-43AA-9C68-0CBDF76DB564} = {B830A447-2CD2-4244-9798-B7C680F01885}
		{C93D746E-1586-4D4F-B411-BF5A966E6A08} = {B830A447-2CD2-4244-9798-B7C680F01885}
		{92494904-35FA-4DC9-BDE9-3A3E87AC49D3} = {B830A447-2CD2-4244-9798-B7C680F01885}
		{D27CF69D-4681-492A-BE4D-D3D209104423} = {B830A447-2CD2-4244-9798-B7C680F01885}
	EndGlobalSection
	GlobalSection(MonoDevelopProperties) = preSolution
		StartupItem = fcmd\fcmd.csproj
		Policies = $0
		$0.TextStylePolicy = $1
		$1.inheritsSet = null
		$1.scope = text/x-csharp
		$0.CSharpFormattingPolicy = $2
		$2.BeforeMethodDeclarationParentheses = False
		$2.BeforeMethodCallParentheses = False
		$2.BeforeConstructorDeclarationParentheses = False
		$2.BeforeIndexerDeclarationBracket = False
		$2.BeforeDelegateDeclarationParentheses = False
		$2.AfterDelegateDeclarationParameterComma = True
		$2.NewParentheses = False
		$2.SpacesBeforeBrackets = False
		$2.inheritsSet = Mono
		$2.inheritsScope = text/x-csharp
		$2.scope = text/x-csharp
	EndGlobalSection
EndGlobal
