
Microsoft Visual Studio Solution File, Format Version 12.00
# Visual Studio 2013
VisualStudioVersion = 12.0.40629.0
MinimumVisualStudioVersion = 10.0.40219.1
Project("{FAE04EC0-301F-11D3-BF4B-00C04F79EFBC}") = "fcmd", "fcmd\fcmd.csproj", "{7D93F45C-E782-4E8B-ABFF-49C5E92B0E13}"
EndProject
Project("{FAE04EC0-301F-11D3-BF4B-00C04F79EFBC}") = "pluginner", "fcmd\pluginner\pluginner.csproj", "{88785B26-D617-4BE9-B449-F7CE77444794}"
EndProject
Project("{2150E333-8FDC-42A3-9474-1A3956D46DE8}") = "xwt", "xwt", "{B830A447-2CD2-4244-9798-B7C680F01885}"
EndProject
Project("{FAE04EC0-301F-11D3-BF4B-00C04F79EFBC}") = "Xwt.Gtk.Mac", "xwt\Xwt.Gtk.Mac\Xwt.Gtk.Mac.csproj", "{E95833C9-90AA-4366-9262-0A1BED148249}"
EndProject
Project("{FAE04EC0-301F-11D3-BF4B-00C04F79EFBC}") = "Xwt3.Mac", "xwt\Xwt.Mac\Xwt3.Mac.csproj", "{5F8E0511-7210-487F-90A1-EC3E74467617}"
EndProject
Project("{2150E333-8FDC-42A3-9474-1A3956D46DE8}") = "gtk3", "gtk3", "{FCC8C514-0941-478E-98A7-50545F62106F}"
EndProject
Project("{FAE04EC0-301F-11D3-BF4B-00C04F79EFBC}") = "CoreGtk3", "xwt\Xwt.CoreGtk3\CoreGtk3.csproj", "{9E4B0803-5255-43AA-9C68-0CBDF76DB564}"
EndProject
Project("{FAE04EC0-301F-11D3-BF4B-00C04F79EFBC}") = "atk3", "xwt\Xwt.CoreGtk3\Base\atk\atk3.csproj", "{42FE871A-D8CF-4B29-9AFF-B02454E6C976}"
EndProject
Project("{FAE04EC0-301F-11D3-BF4B-00C04F79EFBC}") = "glib3", "xwt\Xwt.CoreGtk3\Base\glib\glib3.csproj", "{3BF1D531-8840-4F15-8066-A9788D8C398B}"
EndProject
Project("{FAE04EC0-301F-11D3-BF4B-00C04F79EFBC}") = "cairo3", "xwt\Xwt.CoreGtk3\Base\cairo\cairo3.csproj", "{364577DB-9728-4951-AC2C-EDF7A6FCC09D}"
EndProject
Project("{FAE04EC0-301F-11D3-BF4B-00C04F79EFBC}") = "gio3", "xwt\Xwt.CoreGtk3\Base\gio\gio3.csproj", "{1C3BB17B-336D-432A-8952-4E979BC90867}"
EndProject
Project("{FAE04EC0-301F-11D3-BF4B-00C04F79EFBC}") = "Xwt3", "xwt\Xwt\Xwt3.csproj", "{92494904-35FA-4DC9-BDE9-3A3E87AC49D3}"
EndProject
Project("{FAE04EC0-301F-11D3-BF4B-00C04F79EFBC}") = "Xwt3.Gtk3", "xwt\Xwt.Gtk\Xwt3.Gtk3.csproj", "{3B25FD1F-CEBA-4450-8893-DC330FDB56A7}"
EndProject
Project("{FAE04EC0-301F-11D3-BF4B-00C04F79EFBC}") = "fcmd.ftps", "fcmd.ftps\fcmd.ftps.csproj", "{3AB3B3A1-55CB-41D2-B303-B38A64BFE122}"
EndProject
Project("{FAE04EC0-301F-11D3-BF4B-00C04F79EFBC}") = "SharpSSH", "SharpSSH\SharpSSH\SharpSSH.csproj", "{D27CF69D-4681-492A-BE4D-D3D209104423}"
EndProject
Global
	GlobalSection(SolutionConfigurationPlatforms) = preSolution
		Debug|Any CPU = Debug|Any CPU
		Debug|Mixed Platforms = Debug|Mixed Platforms
		Debug|x64 = Debug|x64
		Debug|x86 = Debug|x86
		Release|Any CPU = Release|Any CPU
		Release|Mixed Platforms = Release|Mixed Platforms
		Release|x64 = Release|x64
		Release|x86 = Release|x86
	EndGlobalSection
	GlobalSection(ProjectConfigurationPlatforms) = postSolution
		{7D93F45C-E782-4E8B-ABFF-49C5E92B0E13}.Debug|Any CPU.ActiveCfg = Debug|x86
		{7D93F45C-E782-4E8B-ABFF-49C5E92B0E13}.Debug|Any CPU.Build.0 = Debug|x86
		{7D93F45C-E782-4E8B-ABFF-49C5E92B0E13}.Debug|Mixed Platforms.ActiveCfg = Debug|x86
		{7D93F45C-E782-4E8B-ABFF-49C5E92B0E13}.Debug|Mixed Platforms.Build.0 = Debug|x86
		{7D93F45C-E782-4E8B-ABFF-49C5E92B0E13}.Debug|x64.ActiveCfg = Debug|Any CPU
		{7D93F45C-E782-4E8B-ABFF-49C5E92B0E13}.Debug|x64.Build.0 = Debug|Any CPU
		{7D93F45C-E782-4E8B-ABFF-49C5E92B0E13}.Debug|x86.ActiveCfg = Debug|x86
		{7D93F45C-E782-4E8B-ABFF-49C5E92B0E13}.Debug|x86.Build.0 = Debug|x86
		{7D93F45C-E782-4E8B-ABFF-49C5E92B0E13}.Release|Any CPU.ActiveCfg = Release|Any CPU
		{7D93F45C-E782-4E8B-ABFF-49C5E92B0E13}.Release|Any CPU.Build.0 = Release|Any CPU
		{7D93F45C-E782-4E8B-ABFF-49C5E92B0E13}.Release|Mixed Platforms.ActiveCfg = Release|x86
		{7D93F45C-E782-4E8B-ABFF-49C5E92B0E13}.Release|Mixed Platforms.Build.0 = Release|x86
		{7D93F45C-E782-4E8B-ABFF-49C5E92B0E13}.Release|x64.ActiveCfg = Release|Any CPU
		{7D93F45C-E782-4E8B-ABFF-49C5E92B0E13}.Release|x64.Build.0 = Release|Any CPU
		{7D93F45C-E782-4E8B-ABFF-49C5E92B0E13}.Release|x86.ActiveCfg = Release|x86
		{7D93F45C-E782-4E8B-ABFF-49C5E92B0E13}.Release|x86.Build.0 = Release|x86
		{88785B26-D617-4BE9-B449-F7CE77444794}.Debug|Any CPU.ActiveCfg = Debug|Any CPU
		{88785B26-D617-4BE9-B449-F7CE77444794}.Debug|Any CPU.Build.0 = Debug|Any CPU
		{88785B26-D617-4BE9-B449-F7CE77444794}.Debug|Mixed Platforms.ActiveCfg = Debug|Any CPU
		{88785B26-D617-4BE9-B449-F7CE77444794}.Debug|Mixed Platforms.Build.0 = Debug|Any CPU
		{88785B26-D617-4BE9-B449-F7CE77444794}.Debug|x64.ActiveCfg = Debug|Any CPU
		{88785B26-D617-4BE9-B449-F7CE77444794}.Debug|x64.Build.0 = Debug|Any CPU
		{88785B26-D617-4BE9-B449-F7CE77444794}.Debug|x86.ActiveCfg = Debug|Any CPU
		{88785B26-D617-4BE9-B449-F7CE77444794}.Debug|x86.Build.0 = Debug|Any CPU
		{88785B26-D617-4BE9-B449-F7CE77444794}.Release|Any CPU.ActiveCfg = Debug|Any CPU
		{88785B26-D617-4BE9-B449-F7CE77444794}.Release|Any CPU.Build.0 = Debug|Any CPU
		{88785B26-D617-4BE9-B449-F7CE77444794}.Release|Mixed Platforms.ActiveCfg = Debug|Any CPU
		{88785B26-D617-4BE9-B449-F7CE77444794}.Release|Mixed Platforms.Build.0 = Debug|Any CPU
		{88785B26-D617-4BE9-B449-F7CE77444794}.Release|x64.ActiveCfg = Debug|Any CPU
		{88785B26-D617-4BE9-B449-F7CE77444794}.Release|x64.Build.0 = Debug|Any CPU
		{88785B26-D617-4BE9-B449-F7CE77444794}.Release|x86.ActiveCfg = Debug|Any CPU
		{88785B26-D617-4BE9-B449-F7CE77444794}.Release|x86.Build.0 = Debug|Any CPU
		{E95833C9-90AA-4366-9262-0A1BED148249}.Debug|Any CPU.ActiveCfg = Debug|Any CPU
		{E95833C9-90AA-4366-9262-0A1BED148249}.Debug|Any CPU.Build.0 = Debug|Any CPU
		{E95833C9-90AA-4366-9262-0A1BED148249}.Debug|Mixed Platforms.ActiveCfg = Debug|Any CPU
		{E95833C9-90AA-4366-9262-0A1BED148249}.Debug|Mixed Platforms.Build.0 = Debug|Any CPU
		{E95833C9-90AA-4366-9262-0A1BED148249}.Debug|x64.ActiveCfg = Debug|Any CPU
		{E95833C9-90AA-4366-9262-0A1BED148249}.Debug|x64.Build.0 = Debug|Any CPU
		{E95833C9-90AA-4366-9262-0A1BED148249}.Debug|x86.ActiveCfg = Debug|Any CPU
		{E95833C9-90AA-4366-9262-0A1BED148249}.Debug|x86.Build.0 = Debug|Any CPU
		{E95833C9-90AA-4366-9262-0A1BED148249}.Release|Any CPU.ActiveCfg = Release|Any CPU
		{E95833C9-90AA-4366-9262-0A1BED148249}.Release|Any CPU.Build.0 = Release|Any CPU
		{E95833C9-90AA-4366-9262-0A1BED148249}.Release|Mixed Platforms.ActiveCfg = Release|Any CPU
		{E95833C9-90AA-4366-9262-0A1BED148249}.Release|Mixed Platforms.Build.0 = Release|Any CPU
		{E95833C9-90AA-4366-9262-0A1BED148249}.Release|x64.ActiveCfg = Release|Any CPU
		{E95833C9-90AA-4366-9262-0A1BED148249}.Release|x64.Build.0 = Release|Any CPU
		{E95833C9-90AA-4366-9262-0A1BED148249}.Release|x86.ActiveCfg = Release|Any CPU
		{E95833C9-90AA-4366-9262-0A1BED148249}.Release|x86.Build.0 = Release|Any CPU
		{5F8E0511-7210-487F-90A1-EC3E74467617}.Debug|Any CPU.ActiveCfg = Debug|Any CPU
		{5F8E0511-7210-487F-90A1-EC3E74467617}.Debug|Any CPU.Build.0 = Debug|Any CPU
		{5F8E0511-7210-487F-90A1-EC3E74467617}.Debug|Mixed Platforms.ActiveCfg = Debug|Any CPU
		{5F8E0511-7210-487F-90A1-EC3E74467617}.Debug|Mixed Platforms.Build.0 = Debug|Any CPU
		{5F8E0511-7210-487F-90A1-EC3E74467617}.Debug|x64.ActiveCfg = Debug|Any CPU
		{5F8E0511-7210-487F-90A1-EC3E74467617}.Debug|x64.Build.0 = Debug|Any CPU
		{5F8E0511-7210-487F-90A1-EC3E74467617}.Debug|x86.ActiveCfg = Debug|Any CPU
		{5F8E0511-7210-487F-90A1-EC3E74467617}.Debug|x86.Build.0 = Debug|Any CPU
		{5F8E0511-7210-487F-90A1-EC3E74467617}.Release|Any CPU.ActiveCfg = Release|Any CPU
		{5F8E0511-7210-487F-90A1-EC3E74467617}.Release|Any CPU.Build.0 = Release|Any CPU
		{5F8E0511-7210-487F-90A1-EC3E74467617}.Release|Mixed Platforms.ActiveCfg = Release|Any CPU
		{5F8E0511-7210-487F-90A1-EC3E74467617}.Release|Mixed Platforms.Build.0 = Release|Any CPU
		{5F8E0511-7210-487F-90A1-EC3E74467617}.Release|x64.ActiveCfg = Release|Any CPU
		{5F8E0511-7210-487F-90A1-EC3E74467617}.Release|x64.Build.0 = Release|Any CPU
		{5F8E0511-7210-487F-90A1-EC3E74467617}.Release|x86.ActiveCfg = Release|Any CPU
		{5F8E0511-7210-487F-90A1-EC3E74467617}.Release|x86.Build.0 = Release|Any CPU
		{9E4B0803-5255-43AA-9C68-0CBDF76DB564}.Debug|Any CPU.ActiveCfg = Debug|Any CPU
		{9E4B0803-5255-43AA-9C68-0CBDF76DB564}.Debug|Any CPU.Build.0 = Debug|Any CPU
		{9E4B0803-5255-43AA-9C68-0CBDF76DB564}.Debug|Mixed Platforms.ActiveCfg = Debug|Any CPU
		{9E4B0803-5255-43AA-9C68-0CBDF76DB564}.Debug|Mixed Platforms.Build.0 = Debug|Any CPU
		{9E4B0803-5255-43AA-9C68-0CBDF76DB564}.Debug|x64.ActiveCfg = Debug|Any CPU
		{9E4B0803-5255-43AA-9C68-0CBDF76DB564}.Debug|x64.Build.0 = Debug|Any CPU
		{9E4B0803-5255-43AA-9C68-0CBDF76DB564}.Debug|x86.ActiveCfg = Debug|Any CPU
		{9E4B0803-5255-43AA-9C68-0CBDF76DB564}.Debug|x86.Build.0 = Debug|Any CPU
		{9E4B0803-5255-43AA-9C68-0CBDF76DB564}.Release|Any CPU.ActiveCfg = Debug|Any CPU
		{9E4B0803-5255-43AA-9C68-0CBDF76DB564}.Release|Any CPU.Build.0 = Debug|Any CPU
		{9E4B0803-5255-43AA-9C68-0CBDF76DB564}.Release|Mixed Platforms.ActiveCfg = Debug|Any CPU
		{9E4B0803-5255-43AA-9C68-0CBDF76DB564}.Release|Mixed Platforms.Build.0 = Debug|Any CPU
		{9E4B0803-5255-43AA-9C68-0CBDF76DB564}.Release|x64.ActiveCfg = Debug|Any CPU
		{9E4B0803-5255-43AA-9C68-0CBDF76DB564}.Release|x64.Build.0 = Debug|Any CPU
		{9E4B0803-5255-43AA-9C68-0CBDF76DB564}.Release|x86.ActiveCfg = Debug|Any CPU
		{9E4B0803-5255-43AA-9C68-0CBDF76DB564}.Release|x86.Build.0 = Debug|Any CPU
		{42FE871A-D8CF-4B29-9AFF-B02454E6C976}.Debug|Any CPU.ActiveCfg = Debug|x86
		{42FE871A-D8CF-4B29-9AFF-B02454E6C976}.Debug|Any CPU.Build.0 = Debug|x86
		{42FE871A-D8CF-4B29-9AFF-B02454E6C976}.Debug|Mixed Platforms.ActiveCfg = Debug|x86
		{42FE871A-D8CF-4B29-9AFF-B02454E6C976}.Debug|Mixed Platforms.Build.0 = Debug|x86
		{42FE871A-D8CF-4B29-9AFF-B02454E6C976}.Debug|x64.ActiveCfg = Debug|x86
		{42FE871A-D8CF-4B29-9AFF-B02454E6C976}.Debug|x64.Build.0 = Debug|x86
		{42FE871A-D8CF-4B29-9AFF-B02454E6C976}.Debug|x86.ActiveCfg = Debug|x86
		{42FE871A-D8CF-4B29-9AFF-B02454E6C976}.Debug|x86.Build.0 = Debug|x86
		{42FE871A-D8CF-4B29-9AFF-B02454E6C976}.Release|Any CPU.ActiveCfg = Debug|x86
		{42FE871A-D8CF-4B29-9AFF-B02454E6C976}.Release|Any CPU.Build.0 = Debug|x86
		{42FE871A-D8CF-4B29-9AFF-B02454E6C976}.Release|Mixed Platforms.ActiveCfg = Debug|x86
		{42FE871A-D8CF-4B29-9AFF-B02454E6C976}.Release|Mixed Platforms.Build.0 = Debug|x86
		{42FE871A-D8CF-4B29-9AFF-B02454E6C976}.Release|x64.ActiveCfg = Debug|x86
		{42FE871A-D8CF-4B29-9AFF-B02454E6C976}.Release|x64.Build.0 = Debug|x86
		{42FE871A-D8CF-4B29-9AFF-B02454E6C976}.Release|x86.ActiveCfg = Debug|x86
		{42FE871A-D8CF-4B29-9AFF-B02454E6C976}.Release|x86.Build.0 = Debug|x86
		{3BF1D531-8840-4F15-8066-A9788D8C398B}.Debug|Any CPU.ActiveCfg = Debug|x86
		{3BF1D531-8840-4F15-8066-A9788D8C398B}.Debug|Any CPU.Build.0 = Debug|x86
		{3BF1D531-8840-4F15-8066-A9788D8C398B}.Debug|Mixed Platforms.ActiveCfg = Debug|x86
		{3BF1D531-8840-4F15-8066-A9788D8C398B}.Debug|Mixed Platforms.Build.0 = Debug|x86
		{3BF1D531-8840-4F15-8066-A9788D8C398B}.Debug|x64.ActiveCfg = Debug|x86
		{3BF1D531-8840-4F15-8066-A9788D8C398B}.Debug|x64.Build.0 = Debug|x86
		{3BF1D531-8840-4F15-8066-A9788D8C398B}.Debug|x86.ActiveCfg = Debug|x86
		{3BF1D531-8840-4F15-8066-A9788D8C398B}.Debug|x86.Build.0 = Debug|x86
		{3BF1D531-8840-4F15-8066-A9788D8C398B}.Release|Any CPU.ActiveCfg = Debug|x86
		{3BF1D531-8840-4F15-8066-A9788D8C398B}.Release|Any CPU.Build.0 = Debug|x86
		{3BF1D531-8840-4F15-8066-A9788D8C398B}.Release|Mixed Platforms.ActiveCfg = Debug|x86
		{3BF1D531-8840-4F15-8066-A9788D8C398B}.Release|Mixed Platforms.Build.0 = Debug|x86
		{3BF1D531-8840-4F15-8066-A9788D8C398B}.Release|x64.ActiveCfg = Debug|x86
		{3BF1D531-8840-4F15-8066-A9788D8C398B}.Release|x64.Build.0 = Debug|x86
		{3BF1D531-8840-4F15-8066-A9788D8C398B}.Release|x86.ActiveCfg = Debug|x86
		{3BF1D531-8840-4F15-8066-A9788D8C398B}.Release|x86.Build.0 = Debug|x86
		{364577DB-9728-4951-AC2C-EDF7A6FCC09D}.Debug|Any CPU.ActiveCfg = Debug|x86
		{364577DB-9728-4951-AC2C-EDF7A6FCC09D}.Debug|Any CPU.Build.0 = Debug|x86
		{364577DB-9728-4951-AC2C-EDF7A6FCC09D}.Debug|Mixed Platforms.ActiveCfg = Debug|x86
		{364577DB-9728-4951-AC2C-EDF7A6FCC09D}.Debug|Mixed Platforms.Build.0 = Debug|x86
		{364577DB-9728-4951-AC2C-EDF7A6FCC09D}.Debug|x64.ActiveCfg = Debug|x86
		{364577DB-9728-4951-AC2C-EDF7A6FCC09D}.Debug|x64.Build.0 = Debug|x86
		{364577DB-9728-4951-AC2C-EDF7A6FCC09D}.Debug|x86.ActiveCfg = Debug|x86
		{364577DB-9728-4951-AC2C-EDF7A6FCC09D}.Debug|x86.Build.0 = Debug|x86
		{364577DB-9728-4951-AC2C-EDF7A6FCC09D}.Release|Any CPU.ActiveCfg = Debug|x86
		{364577DB-9728-4951-AC2C-EDF7A6FCC09D}.Release|Any CPU.Build.0 = Debug|x86
		{364577DB-9728-4951-AC2C-EDF7A6FCC09D}.Release|Mixed Platforms.ActiveCfg = Debug|x86
		{364577DB-9728-4951-AC2C-EDF7A6FCC09D}.Release|Mixed Platforms.Build.0 = Debug|x86
		{364577DB-9728-4951-AC2C-EDF7A6FCC09D}.Release|x64.ActiveCfg = Debug|x86
		{364577DB-9728-4951-AC2C-EDF7A6FCC09D}.Release|x64.Build.0 = Debug|x86
		{364577DB-9728-4951-AC2C-EDF7A6FCC09D}.Release|x86.ActiveCfg = Debug|x86
		{364577DB-9728-4951-AC2C-EDF7A6FCC09D}.Release|x86.Build.0 = Debug|x86
		{1C3BB17B-336D-432A-8952-4E979BC90867}.Debug|Any CPU.ActiveCfg = Debug|x86
		{1C3BB17B-336D-432A-8952-4E979BC90867}.Debug|Any CPU.Build.0 = Debug|x86
		{1C3BB17B-336D-432A-8952-4E979BC90867}.Debug|Mixed Platforms.ActiveCfg = Debug|x86
		{1C3BB17B-336D-432A-8952-4E979BC90867}.Debug|Mixed Platforms.Build.0 = Debug|x86
		{1C3BB17B-336D-432A-8952-4E979BC90867}.Debug|x64.ActiveCfg = Debug|x86
		{1C3BB17B-336D-432A-8952-4E979BC90867}.Debug|x64.Build.0 = Debug|x86
		{1C3BB17B-336D-432A-8952-4E979BC90867}.Debug|x86.ActiveCfg = Debug|x86
		{1C3BB17B-336D-432A-8952-4E979BC90867}.Debug|x86.Build.0 = Debug|x86
		{1C3BB17B-336D-432A-8952-4E979BC90867}.Release|Any CPU.ActiveCfg = Debug|x86
		{1C3BB17B-336D-432A-8952-4E979BC90867}.Release|Any CPU.Build.0 = Debug|x86
		{1C3BB17B-336D-432A-8952-4E979BC90867}.Release|Mixed Platforms.ActiveCfg = Debug|x86
		{1C3BB17B-336D-432A-8952-4E979BC90867}.Release|Mixed Platforms.Build.0 = Debug|x86
		{1C3BB17B-336D-432A-8952-4E979BC90867}.Release|x64.ActiveCfg = Debug|x86
		{1C3BB17B-336D-432A-8952-4E979BC90867}.Release|x64.Build.0 = Debug|x86
		{1C3BB17B-336D-432A-8952-4E979BC90867}.Release|x86.ActiveCfg = Debug|x86
		{1C3BB17B-336D-432A-8952-4E979BC90867}.Release|x86.Build.0 = Debug|x86
		{92494904-35FA-4DC9-BDE9-3A3E87AC49D3}.Debug|Any CPU.ActiveCfg = Debug|Any CPU
		{92494904-35FA-4DC9-BDE9-3A3E87AC49D3}.Debug|Any CPU.Build.0 = Debug|Any CPU
		{92494904-35FA-4DC9-BDE9-3A3E87AC49D3}.Debug|Mixed Platforms.ActiveCfg = Debug|Any CPU
		{92494904-35FA-4DC9-BDE9-3A3E87AC49D3}.Debug|Mixed Platforms.Build.0 = Debug|Any CPU
		{92494904-35FA-4DC9-BDE9-3A3E87AC49D3}.Debug|x64.ActiveCfg = Debug|Any CPU
		{92494904-35FA-4DC9-BDE9-3A3E87AC49D3}.Debug|x64.Build.0 = Debug|Any CPU
		{92494904-35FA-4DC9-BDE9-3A3E87AC49D3}.Debug|x86.ActiveCfg = Debug|Any CPU
		{92494904-35FA-4DC9-BDE9-3A3E87AC49D3}.Debug|x86.Build.0 = Debug|Any CPU
		{92494904-35FA-4DC9-BDE9-3A3E87AC49D3}.Release|Any CPU.ActiveCfg = Debug|Any CPU
		{92494904-35FA-4DC9-BDE9-3A3E87AC49D3}.Release|Any CPU.Build.0 = Debug|Any CPU
		{92494904-35FA-4DC9-BDE9-3A3E87AC49D3}.Release|Mixed Platforms.ActiveCfg = Debug|Any CPU
		{92494904-35FA-4DC9-BDE9-3A3E87AC49D3}.Release|Mixed Platforms.Build.0 = Debug|Any CPU
		{92494904-35FA-4DC9-BDE9-3A3E87AC49D3}.Release|x64.ActiveCfg = Debug|Any CPU
		{92494904-35FA-4DC9-BDE9-3A3E87AC49D3}.Release|x64.Build.0 = Debug|Any CPU
		{92494904-35FA-4DC9-BDE9-3A3E87AC49D3}.Release|x86.ActiveCfg = Debug|Any CPU
		{92494904-35FA-4DC9-BDE9-3A3E87AC49D3}.Release|x86.Build.0 = Debug|Any CPU
		{3B25FD1F-CEBA-4450-8893-DC330FDB56A7}.Debug|Any CPU.ActiveCfg = Debug|Any CPU
		{3B25FD1F-CEBA-4450-8893-DC330FDB56A7}.Debug|Any CPU.Build.0 = Debug|Any CPU
		{3B25FD1F-CEBA-4450-8893-DC330FDB56A7}.Debug|Mixed Platforms.ActiveCfg = Debug|Any CPU
		{3B25FD1F-CEBA-4450-8893-DC330FDB56A7}.Debug|Mixed Platforms.Build.0 = Debug|Any CPU
		{3B25FD1F-CEBA-4450-8893-DC330FDB56A7}.Debug|x64.ActiveCfg = Debug|Any CPU
		{3B25FD1F-CEBA-4450-8893-DC330FDB56A7}.Debug|x64.Build.0 = Debug|Any CPU
		{3B25FD1F-CEBA-4450-8893-DC330FDB56A7}.Debug|x86.ActiveCfg = Debug|Any CPU
		{3B25FD1F-CEBA-4450-8893-DC330FDB56A7}.Debug|x86.Build.0 = Debug|Any CPU
		{3B25FD1F-CEBA-4450-8893-DC330FDB56A7}.Release|Any CPU.ActiveCfg = Debug|Any CPU
		{3B25FD1F-CEBA-4450-8893-DC330FDB56A7}.Release|Any CPU.Build.0 = Debug|Any CPU
		{3B25FD1F-CEBA-4450-8893-DC330FDB56A7}.Release|Mixed Platforms.ActiveCfg = Debug|Any CPU
		{3B25FD1F-CEBA-4450-8893-DC330FDB56A7}.Release|Mixed Platforms.Build.0 = Debug|Any CPU
		{3B25FD1F-CEBA-4450-8893-DC330FDB56A7}.Release|x64.ActiveCfg = Debug|Any CPU
		{3B25FD1F-CEBA-4450-8893-DC330FDB56A7}.Release|x64.Build.0 = Debug|Any CPU
		{3B25FD1F-CEBA-4450-8893-DC330FDB56A7}.Release|x86.ActiveCfg = Debug|Any CPU
		{3B25FD1F-CEBA-4450-8893-DC330FDB56A7}.Release|x86.Build.0 = Debug|Any CPU
		{3AB3B3A1-55CB-41D2-B303-B38A64BFE122}.Debug|Any CPU.ActiveCfg = Debug|Any CPU
		{3AB3B3A1-55CB-41D2-B303-B38A64BFE122}.Debug|Any CPU.Build.0 = Debug|Any CPU
		{3AB3B3A1-55CB-41D2-B303-B38A64BFE122}.Debug|Mixed Platforms.ActiveCfg = Debug|Any CPU
		{3AB3B3A1-55CB-41D2-B303-B38A64BFE122}.Debug|Mixed Platforms.Build.0 = Debug|Any CPU
		{3AB3B3A1-55CB-41D2-B303-B38A64BFE122}.Debug|x64.ActiveCfg = Debug|Any CPU
		{3AB3B3A1-55CB-41D2-B303-B38A64BFE122}.Debug|x64.Build.0 = Debug|Any CPU
		{3AB3B3A1-55CB-41D2-B303-B38A64BFE122}.Debug|x86.ActiveCfg = Debug|Any CPU
		{3AB3B3A1-55CB-41D2-B303-B38A64BFE122}.Debug|x86.Build.0 = Debug|Any CPU
		{3AB3B3A1-55CB-41D2-B303-B38A64BFE122}.Release|Any CPU.ActiveCfg = Debug|Any CPU
		{3AB3B3A1-55CB-41D2-B303-B38A64BFE122}.Release|Any CPU.Build.0 = Debug|Any CPU
		{3AB3B3A1-55CB-41D2-B303-B38A64BFE122}.Release|Mixed Platforms.ActiveCfg = Debug|Any CPU
		{3AB3B3A1-55CB-41D2-B303-B38A64BFE122}.Release|Mixed Platforms.Build.0 = Debug|Any CPU
		{3AB3B3A1-55CB-41D2-B303-B38A64BFE122}.Release|x64.ActiveCfg = Debug|Any CPU
		{3AB3B3A1-55CB-41D2-B303-B38A64BFE122}.Release|x64.Build.0 = Debug|Any CPU
		{3AB3B3A1-55CB-41D2-B303-B38A64BFE122}.Release|x86.ActiveCfg = Debug|Any CPU
		{3AB3B3A1-55CB-41D2-B303-B38A64BFE122}.Release|x86.Build.0 = Debug|Any CPU
		{D27CF69D-4681-492A-BE4D-D3D209104423}.Debug|Any CPU.ActiveCfg = Debug|Any CPU
		{D27CF69D-4681-492A-BE4D-D3D209104423}.Debug|Any CPU.Build.0 = Debug|Any CPU
		{D27CF69D-4681-492A-BE4D-D3D209104423}.Debug|Mixed Platforms.ActiveCfg = Debug|Any CPU
		{D27CF69D-4681-492A-BE4D-D3D209104423}.Debug|Mixed Platforms.Build.0 = Debug|Any CPU
		{D27CF69D-4681-492A-BE4D-D3D209104423}.Debug|x64.ActiveCfg = Debug|Any CPU
		{D27CF69D-4681-492A-BE4D-D3D209104423}.Debug|x86.ActiveCfg = Debug|Any CPU
		{D27CF69D-4681-492A-BE4D-D3D209104423}.Release|Any CPU.ActiveCfg = Debug|Any CPU
		{D27CF69D-4681-492A-BE4D-D3D209104423}.Release|Any CPU.Build.0 = Debug|Any CPU
		{D27CF69D-4681-492A-BE4D-D3D209104423}.Release|Mixed Platforms.ActiveCfg = Debug|Any CPU
		{D27CF69D-4681-492A-BE4D-D3D209104423}.Release|Mixed Platforms.Build.0 = Debug|Any CPU
		{D27CF69D-4681-492A-BE4D-D3D209104423}.Release|x64.ActiveCfg = Debug|Any CPU
		{D27CF69D-4681-492A-BE4D-D3D209104423}.Release|x86.ActiveCfg = Debug|Any CPU
	EndGlobalSection
	GlobalSection(SolutionProperties) = preSolution
		HideSolutionNode = FALSE
	EndGlobalSection
	GlobalSection(NestedProjects) = preSolution
		{E95833C9-90AA-4366-9262-0A1BED148249} = {B830A447-2CD2-4244-9798-B7C680F01885}
		{5F8E0511-7210-487F-90A1-EC3E74467617} = {B830A447-2CD2-4244-9798-B7C680F01885}
		{FCC8C514-0941-478E-98A7-50545F62106F} = {B830A447-2CD2-4244-9798-B7C680F01885}
		{9E4B0803-5255-43AA-9C68-0CBDF76DB564} = {FCC8C514-0941-478E-98A7-50545F62106F}
		{42FE871A-D8CF-4B29-9AFF-B02454E6C976} = {FCC8C514-0941-478E-98A7-50545F62106F}
		{3BF1D531-8840-4F15-8066-A9788D8C398B} = {FCC8C514-0941-478E-98A7-50545F62106F}
		{364577DB-9728-4951-AC2C-EDF7A6FCC09D} = {FCC8C514-0941-478E-98A7-50545F62106F}
		{1C3BB17B-336D-432A-8952-4E979BC90867} = {FCC8C514-0941-478E-98A7-50545F62106F}
		{92494904-35FA-4DC9-BDE9-3A3E87AC49D3} = {B830A447-2CD2-4244-9798-B7C680F01885}
		{3B25FD1F-CEBA-4450-8893-DC330FDB56A7} = {B830A447-2CD2-4244-9798-B7C680F01885}
	EndGlobalSection
	GlobalSection(MonoDevelopProperties) = preSolution
		Policies = $0
		$0.TextStylePolicy = $1
		$1.inheritsSet = null
		$1.scope = text/x-csharp
		$0.CSharpFormattingPolicy = $2
		$2.BeforeMethodDeclarationParentheses = False
		$2.BeforeMethodCallParentheses = False
		$2.BeforeConstructorDeclarationParentheses = False
		$2.BeforeIndexerDeclarationBracket = False
		$2.BeforeDelegateDeclarationParentheses = False
		$2.AfterDelegateDeclarationParameterComma = True
		$2.NewParentheses = False
		$2.SpacesBeforeBrackets = False
		$2.inheritsSet = Mono
		$2.inheritsScope = text/x-csharp
		$2.scope = text/x-csharp
	EndGlobalSection
EndGlobal
