
Microsoft Visual Studio Solution File, Format Version 12.00
# Visual Studio 14
VisualStudioVersion = 14.0.22823.1
MinimumVisualStudioVersion = 10.0.40219.1
Project("{FAE04EC0-301F-11D3-BF4B-00C04F79EFBC}") = "fcmd", "fcmd\fcmd.csproj", "{7D93F45C-E782-4E8B-ABFF-49C5E92B0E13}"
EndProject
Project("{FAE04EC0-301F-11D3-BF4B-00C04F79EFBC}") = "pluginner", "fcmd\pluginner\pluginner.csproj", "{88785B26-D617-4BE9-B449-F7CE77444794}"
EndProject
Project("{2150E333-8FDC-42A3-9474-1A3956D46DE8}") = "xwt", "xwt", "{B830A447-2CD2-4244-9798-B7C680F01885}"
EndProject
Project("{FAE04EC0-301F-11D3-BF4B-00C04F79EFBC}") = "Xwt", "xwt\Xwt\Xwt.csproj", "{92494904-35FA-4DC9-BDE9-3A3E87AC49D3}"
EndProject
Project("{FAE04EC0-301F-11D3-BF4B-00C04F79EFBC}") = "Xwt.Gtk.Mac", "xwt\Xwt.Gtk.Mac\Xwt.Gtk.Mac.csproj", "{E95833C9-90AA-4366-9262-0A1BED148249}"
EndProject
Project("{FAE04EC0-301F-11D3-BF4B-00C04F79EFBC}") = "Xwt.Gtk", "xwt\Xwt.Gtk\Xwt.Gtk.csproj", "{C3887A93-B2BD-4097-8E2F-3A063EFF32FD}"
EndProject
Project("{FAE04EC0-301F-11D3-BF4B-00C04F79EFBC}") = "Xwt.Mac", "xwt\Xwt.Mac\Xwt.Mac.csproj", "{5F8E0511-7210-487F-90A1-EC3E74467617}"
EndProject
Project("{FAE04EC0-301F-11D3-BF4B-00C04F79EFBC}") = "fcmd.ftps", "fcmd.ftps\fcmd.ftps.csproj", "{3AB3B3A1-55CB-41D2-B303-B38A64BFE122}"
EndProject
Project("{FAE04EC0-301F-11D3-BF4B-00C04F79EFBC}") = "Xwt.WPF", "xwt\Xwt.WPF\Xwt.WPF.csproj", "{C93D746E-1586-4D4F-B411-BF5A966E6A08}"
EndProject
Global
	GlobalSection(SolutionConfigurationPlatforms) = preSolution
		Debug|Any CPU = Debug|Any CPU
		Release|Any CPU = Release|Any CPU
	EndGlobalSection
	GlobalSection(ProjectConfigurationPlatforms) = postSolution
		{7D93F45C-E782-4E8B-ABFF-49C5E92B0E13}.Debug|Any CPU.ActiveCfg = Debug|x86
		{7D93F45C-E782-4E8B-ABFF-49C5E92B0E13}.Debug|Any CPU.Build.0 = Debug|x86
		{7D93F45C-E782-4E8B-ABFF-49C5E92B0E13}.Release|Any CPU.ActiveCfg = Release|Any CPU
		{7D93F45C-E782-4E8B-ABFF-49C5E92B0E13}.Release|Any CPU.Build.0 = Release|Any CPU
		{88785B26-D617-4BE9-B449-F7CE77444794}.Debug|Any CPU.ActiveCfg = Debug|Any CPU
		{88785B26-D617-4BE9-B449-F7CE77444794}.Debug|Any CPU.Build.0 = Debug|Any CPU
		{88785B26-D617-4BE9-B449-F7CE77444794}.Release|Any CPU.ActiveCfg = Debug|Any CPU
		{88785B26-D617-4BE9-B449-F7CE77444794}.Release|Any CPU.Build.0 = Debug|Any CPU
		{92494904-35FA-4DC9-BDE9-3A3E87AC49D3}.Debug|Any CPU.ActiveCfg = Debug|Any CPU
		{92494904-35FA-4DC9-BDE9-3A3E87AC49D3}.Debug|Any CPU.Build.0 = Debug|Any CPU
		{92494904-35FA-4DC9-BDE9-3A3E87AC49D3}.Release|Any CPU.ActiveCfg = Release|Any CPU
		{92494904-35FA-4DC9-BDE9-3A3E87AC49D3}.Release|Any CPU.Build.0 = Release|Any CPU
		{E95833C9-90AA-4366-9262-0A1BED148249}.Debug|Any CPU.ActiveCfg = Debug|Any CPU
		{E95833C9-90AA-4366-9262-0A1BED148249}.Debug|Any CPU.Build.0 = Debug|Any CPU
		{E95833C9-90AA-4366-9262-0A1BED148249}.Release|Any CPU.ActiveCfg = Release|Any CPU
		{E95833C9-90AA-4366-9262-0A1BED148249}.Release|Any CPU.Build.0 = Release|Any CPU
		{C3887A93-B2BD-4097-8E2F-3A063EFF32FD}.Debug|Any CPU.ActiveCfg = Debug|Any CPU
		{C3887A93-B2BD-4097-8E2F-3A063EFF32FD}.Debug|Any CPU.Build.0 = Debug|Any CPU
		{C3887A93-B2BD-4097-8E2F-3A063EFF32FD}.Release|Any CPU.ActiveCfg = Release|Any CPU
		{C3887A93-B2BD-4097-8E2F-3A063EFF32FD}.Release|Any CPU.Build.0 = Release|Any CPU
		{5F8E0511-7210-487F-90A1-EC3E74467617}.Debug|Any CPU.ActiveCfg = Debug|Any CPU
		{5F8E0511-7210-487F-90A1-EC3E74467617}.Debug|Any CPU.Build.0 = Debug|Any CPU
		{5F8E0511-7210-487F-90A1-EC3E74467617}.Release|Any CPU.ActiveCfg = Release|Any CPU
		{5F8E0511-7210-487F-90A1-EC3E74467617}.Release|Any CPU.Build.0 = Release|Any CPU
		{3AB3B3A1-55CB-41D2-B303-B38A64BFE122}.Debug|Any CPU.ActiveCfg = Debug|Any CPU
		{3AB3B3A1-55CB-41D2-B303-B38A64BFE122}.Debug|Any CPU.Build.0 = Debug|Any CPU
		{3AB3B3A1-55CB-41D2-B303-B38A64BFE122}.Release|Any CPU.ActiveCfg = Debug|Any CPU
		{3AB3B3A1-55CB-41D2-B303-B38A64BFE122}.Release|Any CPU.Build.0 = Debug|Any CPU
		{C93D746E-1586-4D4F-B411-BF5A966E6A08}.Debug|Any CPU.ActiveCfg = Debug|Any CPU
		{C93D746E-1586-4D4F-B411-BF5A966E6A08}.Debug|Any CPU.Build.0 = Debug|Any CPU
		{C93D746E-1586-4D4F-B411-BF5A966E6A08}.Release|Any CPU.ActiveCfg = Release|Any CPU
		{C93D746E-1586-4D4F-B411-BF5A966E6A08}.Release|Any CPU.Build.0 = Release|Any CPU
	EndGlobalSection
	GlobalSection(SolutionProperties) = preSolution
		HideSolutionNode = FALSE
	EndGlobalSection
	GlobalSection(NestedProjects) = preSolution
		{92494904-35FA-4DC9-BDE9-3A3E87AC49D3} = {B830A447-2CD2-4244-9798-B7C680F01885}
		{E95833C9-90AA-4366-9262-0A1BED148249} = {B830A447-2CD2-4244-9798-B7C680F01885}
		{C3887A93-B2BD-4097-8E2F-3A063EFF32FD} = {B830A447-2CD2-4244-9798-B7C680F01885}
		{5F8E0511-7210-487F-90A1-EC3E74467617} = {B830A447-2CD2-4244-9798-B7C680F01885}
		{C93D746E-1586-4D4F-B411-BF5A966E6A08} = {B830A447-2CD2-4244-9798-B7C680F01885}
	EndGlobalSection
	GlobalSection(MonoDevelopProperties) = preSolution
		StartupItem = fcmd\fcmd.csproj
		Policies = $0
		$0.TextStylePolicy = $1
		$1.inheritsSet = null
		$1.scope = text/x-csharp
		$0.CSharpFormattingPolicy = $2
		$2.BeforeMethodDeclarationParentheses = False
		$2.BeforeMethodCallParentheses = False
		$2.BeforeConstructorDeclarationParentheses = False
		$2.BeforeIndexerDeclarationBracket = False
		$2.BeforeDelegateDeclarationParentheses = False
		$2.AfterDelegateDeclarationParameterComma = True
		$2.NewParentheses = False
		$2.SpacesBeforeBrackets = False
		$2.inheritsSet = Mono
		$2.inheritsScope = text/x-csharp
		$2.scope = text/x-csharp
	EndGlobalSection
EndGlobal
